
Microsoft Visual Studio Solution File, Format Version 12.00
# Visual Studio Version 17
VisualStudioVersion = 17.14.36221.1
MinimumVisualStudioVersion = 10.0.40219.1
Project("{FAE04EC0-301F-11D3-BF4B-00C04F79EFBC}") = "MiniLab.sln", "mini-lab\MiniLab.sln.csproj", "{71539C4F-682A-4B5B-9E49-3AFB47AC3B91}"
EndProject
Global
	GlobalSection(SolutionConfigurationPlatforms) = preSolution
		Debug|Any CPU = Debug|Any CPU
		Release|Any CPU = Release|Any CPU
	EndGlobalSection
	GlobalSection(ProjectConfigurationPlatforms) = postSolution
		{71539C4F-682A-4B5B-9E49-3AFB47AC3B91}.Debug|Any CPU.ActiveCfg = Debug|Any CPU
		{71539C4F-682A-4B5B-9E49-3AFB47AC3B91}.Debug|Any CPU.Build.0 = Debug|Any CPU
		{71539C4F-682A-4B5B-9E49-3AFB47AC3B91}.Release|Any CPU.ActiveCfg = Release|Any CPU
		{71539C4F-682A-4B5B-9E49-3AFB47AC3B91}.Release|Any CPU.Build.0 = Release|Any CPU
	EndGlobalSection
	GlobalSection(SolutionProperties) = preSolution
		HideSolutionNode = FALSE
	EndGlobalSection
	GlobalSection(ExtensibilityGlobals) = postSolution
		SolutionGuid = {31D31D0B-58E5-4849-A680-694DAAD1516F}
	EndGlobalSection
EndGlobal
